
Microsoft Visual Studio Solution File, Format Version 12.00
# Visual Studio Version 17
VisualStudioVersion = 17.2.32602.215
MinimumVisualStudioVersion = 10.0.40219.1
Project("{FAE04EC0-301F-11D3-BF4B-00C04F79EFBC}") = "FilegaJobs", "FilegaJobs\FilegaJobs.csproj", "{297B7E18-A7A2-4571-B4BB-16A453CDE0A9}"
EndProject
Global
	GlobalSection(SolutionConfigurationPlatforms) = preSolution
		Debug|Any CPU = Debug|Any CPU
		Release|Any CPU = Release|Any CPU
	EndGlobalSection
	GlobalSection(ProjectConfigurationPlatforms) = postSolution
		{297B7E18-A7A2-4571-B4BB-16A453CDE0A9}.Debug|Any CPU.ActiveCfg = Debug|Any CPU
		{297B7E18-A7A2-4571-B4BB-16A453CDE0A9}.Debug|Any CPU.Build.0 = Debug|Any CPU
		{297B7E18-A7A2-4571-B4BB-16A453CDE0A9}.Release|Any CPU.ActiveCfg = Release|Any CPU
		{297B7E18-A7A2-4571-B4BB-16A453CDE0A9}.Release|Any CPU.Build.0 = Release|Any CPU
	EndGlobalSection
	GlobalSection(SolutionProperties) = preSolution
		HideSolutionNode = FALSE
	EndGlobalSection
	GlobalSection(ExtensibilityGlobals) = postSolution
		SolutionGuid = {300CE42B-DCA0-4FDE-BCB3-3BFB4EA03314}
	EndGlobalSection
EndGlobal
